
Microsoft Visual Studio Solution File, Format Version 12.00
# Visual Studio Version 17
VisualStudioVersion = 17.5.33414.496
MinimumVisualStudioVersion = 10.0.40219.1
Project("{9A19103F-16F7-4668-BE54-9A1E7A4F7556}") = "Exercicio3", "Exercicio3\Exercicio3.csproj", "{926CF67D-634F-4545-80AE-7D1B36ABD694}"
EndProject
Project("{2150E333-8FDC-42A3-9474-1A3956D46DE8}") = "Solution Items", "Solution Items", "{E36AA0ED-D00D-4EE8-8756-6658462A06D6}"
	ProjectSection(SolutionItems) = preProject
		.editorconfig = .editorconfig
	EndProjectSection
EndProject
Global
	GlobalSection(SolutionConfigurationPlatforms) = preSolution
		Debug|Any CPU = Debug|Any CPU
		Release|Any CPU = Release|Any CPU
	EndGlobalSection
	GlobalSection(ProjectConfigurationPlatforms) = postSolution
		{926CF67D-634F-4545-80AE-7D1B36ABD694}.Debug|Any CPU.ActiveCfg = Debug|Any CPU
		{926CF67D-634F-4545-80AE-7D1B36ABD694}.Debug|Any CPU.Build.0 = Debug|Any CPU
		{926CF67D-634F-4545-80AE-7D1B36ABD694}.Release|Any CPU.ActiveCfg = Release|Any CPU
		{926CF67D-634F-4545-80AE-7D1B36ABD694}.Release|Any CPU.Build.0 = Release|Any CPU
	EndGlobalSection
	GlobalSection(SolutionProperties) = preSolution
		HideSolutionNode = FALSE
	EndGlobalSection
	GlobalSection(ExtensibilityGlobals) = postSolution
		SolutionGuid = {CB71D90E-5EEF-467E-8AAF-A0799FF23084}
	EndGlobalSection
EndGlobal
